
Microsoft Visual Studio Solution File, Format Version 12.00
# Visual Studio 14
VisualStudioVersion = 14.0.23107.0
MinimumVisualStudioVersion = 10.0.40219.1
Project("{FAE04EC0-301F-11D3-BF4B-00C04F79EFBC}") = "MediumSDKCsharp", "MediumSDKCsharp\MediumSDKCsharp.csproj", "{5461A3FB-A194-45DC-BDD7-BC6D75571FA0}"
EndProject
Project("{FAE04EC0-301F-11D3-BF4B-00C04F79EFBC}") = "MediumTestClient", "MediumTestClient\MediumTestClient.csproj", "{116EF855-DA03-4104-A15F-835B20089E8A}"
EndProject
Global
	GlobalSection(SolutionConfigurationPlatforms) = preSolution
		Debug|Any CPU = Debug|Any CPU
		Release|Any CPU = Release|Any CPU
	EndGlobalSection
	GlobalSection(ProjectConfigurationPlatforms) = postSolution
		{5461A3FB-A194-45DC-BDD7-BC6D75571FA0}.Debug|Any CPU.ActiveCfg = Debug|Any CPU
		{5461A3FB-A194-45DC-BDD7-BC6D75571FA0}.Debug|Any CPU.Build.0 = Debug|Any CPU
		{5461A3FB-A194-45DC-BDD7-BC6D75571FA0}.Release|Any CPU.ActiveCfg = Release|Any CPU
		{5461A3FB-A194-45DC-BDD7-BC6D75571FA0}.Release|Any CPU.Build.0 = Release|Any CPU
		{116EF855-DA03-4104-A15F-835B20089E8A}.Debug|Any CPU.ActiveCfg = Debug|Any CPU
		{116EF855-DA03-4104-A15F-835B20089E8A}.Debug|Any CPU.Build.0 = Debug|Any CPU
		{116EF855-DA03-4104-A15F-835B20089E8A}.Release|Any CPU.ActiveCfg = Release|Any CPU
		{116EF855-DA03-4104-A15F-835B20089E8A}.Release|Any CPU.Build.0 = Release|Any CPU
	EndGlobalSection
	GlobalSection(SolutionProperties) = preSolution
		HideSolutionNode = FALSE
	EndGlobalSection
EndGlobal
